
Microsoft Visual Studio Solution File, Format Version 12.00
# Visual Studio Version 17
VisualStudioVersion = 17.4.33213.308
MinimumVisualStudioVersion = 10.0.40219.1
Project("{FAE04EC0-301F-11D3-BF4B-00C04F79EFBC}") = "OmaNimi", "OmaNimi\OmaNimi.csproj", "{5212F5D2-AA5B-4682-A447-AE8FA69304B6}"
EndProject
Global
	GlobalSection(SolutionConfigurationPlatforms) = preSolution
		Debug|Any CPU = Debug|Any CPU
		Release|Any CPU = Release|Any CPU
	EndGlobalSection
	GlobalSection(ProjectConfigurationPlatforms) = postSolution
		{5212F5D2-AA5B-4682-A447-AE8FA69304B6}.Debug|Any CPU.ActiveCfg = Debug|Any CPU
		{5212F5D2-AA5B-4682-A447-AE8FA69304B6}.Debug|Any CPU.Build.0 = Debug|Any CPU
		{5212F5D2-AA5B-4682-A447-AE8FA69304B6}.Release|Any CPU.ActiveCfg = Release|Any CPU
		{5212F5D2-AA5B-4682-A447-AE8FA69304B6}.Release|Any CPU.Build.0 = Release|Any CPU
	EndGlobalSection
	GlobalSection(SolutionProperties) = preSolution
		HideSolutionNode = FALSE
	EndGlobalSection
	GlobalSection(ExtensibilityGlobals) = postSolution
		SolutionGuid = {7C972C77-673B-44C5-8CA7-05CF5B2B68E8}
	EndGlobalSection
EndGlobal
