
Microsoft Visual Studio Solution File, Format Version 12.00
# Visual Studio Version 17
VisualStudioVersion = 17.4.33213.308
MinimumVisualStudioVersion = 10.0.40219.1
Project("{FAE04EC0-301F-11D3-BF4B-00C04F79EFBC}") = "Harjoitus", "Harjoitus\Harjoitus.csproj", "{DF22409E-4ED4-4026-B8A8-5BB5969F93B3}"
EndProject
Global
	GlobalSection(SolutionConfigurationPlatforms) = preSolution
		Debug|Any CPU = Debug|Any CPU
		Release|Any CPU = Release|Any CPU
	EndGlobalSection
	GlobalSection(ProjectConfigurationPlatforms) = postSolution
		{DF22409E-4ED4-4026-B8A8-5BB5969F93B3}.Debug|Any CPU.ActiveCfg = Debug|Any CPU
		{DF22409E-4ED4-4026-B8A8-5BB5969F93B3}.Debug|Any CPU.Build.0 = Debug|Any CPU
		{DF22409E-4ED4-4026-B8A8-5BB5969F93B3}.Release|Any CPU.ActiveCfg = Release|Any CPU
		{DF22409E-4ED4-4026-B8A8-5BB5969F93B3}.Release|Any CPU.Build.0 = Release|Any CPU
	EndGlobalSection
	GlobalSection(SolutionProperties) = preSolution
		HideSolutionNode = FALSE
	EndGlobalSection
	GlobalSection(ExtensibilityGlobals) = postSolution
		SolutionGuid = {2B847C18-DBF3-4C6E-AC45-69FBCCC07F74}
	EndGlobalSection
EndGlobal
