
Microsoft Visual Studio Solution File, Format Version 12.00
# Visual Studio Version 17
VisualStudioVersion = 17.8.34322.80
MinimumVisualStudioVersion = 10.0.40219.1
Project("{FAE04EC0-301F-11D3-BF4B-00C04F79EFBC}") = "Harjoitus5", "Harjoitus5\Harjoitus5.csproj", "{CE45B4B3-C5E6-4BFC-8CB8-FF094A37BFDD}"
EndProject
Global
	GlobalSection(SolutionConfigurationPlatforms) = preSolution
		Debug|Any CPU = Debug|Any CPU
		Release|Any CPU = Release|Any CPU
	EndGlobalSection
	GlobalSection(ProjectConfigurationPlatforms) = postSolution
		{CE45B4B3-C5E6-4BFC-8CB8-FF094A37BFDD}.Debug|Any CPU.ActiveCfg = Debug|Any CPU
		{CE45B4B3-C5E6-4BFC-8CB8-FF094A37BFDD}.Debug|Any CPU.Build.0 = Debug|Any CPU
		{CE45B4B3-C5E6-4BFC-8CB8-FF094A37BFDD}.Release|Any CPU.ActiveCfg = Release|Any CPU
		{CE45B4B3-C5E6-4BFC-8CB8-FF094A37BFDD}.Release|Any CPU.Build.0 = Release|Any CPU
	EndGlobalSection
	GlobalSection(SolutionProperties) = preSolution
		HideSolutionNode = FALSE
	EndGlobalSection
	GlobalSection(ExtensibilityGlobals) = postSolution
		SolutionGuid = {09399FD2-C164-4263-BF2C-EA0A64A8FF45}
	EndGlobalSection
EndGlobal
