
Microsoft Visual Studio Solution File, Format Version 12.00
# Visual Studio Version 17
VisualStudioVersion = 17.8.34322.80
MinimumVisualStudioVersion = 10.0.40219.1
Project("{FAE04EC0-301F-11D3-BF4B-00C04F79EFBC}") = "Harjoitus1.8", "Harjoitus1.8\Harjoitus1.8.csproj", "{A7F2E38C-2590-48FD-BED9-105A14E8A7C2}"
EndProject
Global
	GlobalSection(SolutionConfigurationPlatforms) = preSolution
		Debug|Any CPU = Debug|Any CPU
		Release|Any CPU = Release|Any CPU
	EndGlobalSection
	GlobalSection(ProjectConfigurationPlatforms) = postSolution
		{A7F2E38C-2590-48FD-BED9-105A14E8A7C2}.Debug|Any CPU.ActiveCfg = Debug|Any CPU
		{A7F2E38C-2590-48FD-BED9-105A14E8A7C2}.Debug|Any CPU.Build.0 = Debug|Any CPU
		{A7F2E38C-2590-48FD-BED9-105A14E8A7C2}.Release|Any CPU.ActiveCfg = Release|Any CPU
		{A7F2E38C-2590-48FD-BED9-105A14E8A7C2}.Release|Any CPU.Build.0 = Release|Any CPU
	EndGlobalSection
	GlobalSection(SolutionProperties) = preSolution
		HideSolutionNode = FALSE
	EndGlobalSection
	GlobalSection(ExtensibilityGlobals) = postSolution
		SolutionGuid = {2B44080E-9BA5-44D6-928D-6755683E3BF8}
	EndGlobalSection
EndGlobal
